
Microsoft Visual Studio Solution File, Format Version 12.00
# Visual Studio 2012
Project("{FAE04EC0-301F-11D3-BF4B-00C04F79EFBC}") = "asdGrabber", "asdGrabber\asdGrabber.csproj", "{5379764B-C2E1-4489-B13F-4B79F6E5E445}"
EndProject
Global
	GlobalSection(SolutionConfigurationPlatforms) = preSolution
		Debug|Any CPU = Debug|Any CPU
		Release|Any CPU = Release|Any CPU
	EndGlobalSection
	GlobalSection(ProjectConfigurationPlatforms) = postSolution
		{5379764B-C2E1-4489-B13F-4B79F6E5E445}.Debug|Any CPU.ActiveCfg = Debug|Any CPU
		{5379764B-C2E1-4489-B13F-4B79F6E5E445}.Debug|Any CPU.Build.0 = Debug|Any CPU
		{5379764B-C2E1-4489-B13F-4B79F6E5E445}.Release|Any CPU.ActiveCfg = Release|Any CPU
		{5379764B-C2E1-4489-B13F-4B79F6E5E445}.Release|Any CPU.Build.0 = Release|Any CPU
	EndGlobalSection
	GlobalSection(SolutionProperties) = preSolution
		HideSolutionNode = FALSE
	EndGlobalSection
EndGlobal
